// !$*UTF8*$!
{
	archiveVersion = 1;
	classes = {
	};
	objectVersion = 50;
	objects = {

/* Begin PBXBuildFile section */
		376A117E229BDDBE007345E3 /* AppDelegate.m in Sources */ = {isa = PBXBuildFile; fileRef = 376A117D229BDDBE007345E3 /* AppDelegate.m */; };
		376A1181229BDDBE007345E3 /* ViewController.m in Sources */ = {isa = PBXBuildFile; fileRef = 376A1180229BDDBE007345E3 /* ViewController.m */; };
		376A1184229BDDBE007345E3 /* Main.storyboard in Resources */ = {isa = PBXBuildFile; fileRef = 376A1182229BDDBE007345E3 /* Main.storyboard */; };
		376A1186229BDDBF007345E3 /* Assets.xcassets in Resources */ = {isa = PBXBuildFile; fileRef = 376A1185229BDDBF007345E3 /* Assets.xcassets */; };
		376A1189229BDDBF007345E3 /* LaunchScreen.storyboard in Resources */ = {isa = PBXBuildFile; fileRef = 376A1187229BDDBF007345E3 /* LaunchScreen.storyboard */; };
		376A118C229BDDBF007345E3 /* main.m in Sources */ = {isa = PBXBuildFile; fileRef = 376A118B229BDDBF007345E3 /* main.m */; };
/* End PBXBuildFile section */

/* Begin PBXFileReference section */
		376A1179229BDDBE007345E3 /* GC3DTouch.app */ = {isa = PBXFileReference; explicitFileType = wrapper.application; includeInIndex = 0; path = GC3DTouch.app; sourceTree = BUILT_PRODUCTS_DIR; };
		376A117C229BDDBE007345E3 /* AppDelegate.h */ = {isa = PBXFileReference; lastKnownFileType = sourcecode.c.h; path = AppDelegate.h; sourceTree = "<group>"; };
		376A117D229BDDBE007345E3 /* AppDelegate.m */ = {isa = PBXFileReference; lastKnownFileType = sourcecode.c.objc; path = AppDelegate.m; sourceTree = "<group>"; };
		376A117F229BDDBE007345E3 /* ViewController.h */ = {isa = PBXFileReference; lastKnownFileType = sourcecode.c.h; path = ViewController.h; sourceTree = "<group>"; };
		376A1180229BDDBE007345E3 /* ViewController.m */ = {isa = PBXFileReference; lastKnownFileType = sourcecode.c.objc; path = ViewController.m; sourceTree = "<group>"; };
		376A1183229BDDBE007345E3 /* Base */ = {isa = PBXFileReference; lastKnownFileType = file.storyboard; name = Base; path = Base.lproj/Main.storyboard; sourceTree = "<group>"; };
		376A1185229BDDBF007345E3 /* Assets.xcassets */ = {isa = PBXFileReference; lastKnownFileType = folder.assetcatalog; path = Assets.xcassets; sourceTree = "<group>"; };
		376A1188229BDDBF007345E3 /* Base */ = {isa = PBXFileReference; lastKnownFileType = file.storyboard; name = Base; path = Base.lproj/LaunchScreen.storyboard; sourceTree = "<group>"; };
		376A118A229BDDBF007345E3 /* Info.plist */ = {isa = PBXFileReference; lastKnownFileType = text.plist.xml; path = Info.plist; sourceTree = "<group>"; };
		376A118B229BDDBF007345E3 /* main.m */ = {isa = PBXFileReference; lastKnownFileType = sourcecode.c.objc; path = main.m; sourceTree = "<group>"; };
/* End PBXFileReference section */

/* Begin PBXFrameworksBuildPhase section */
		376A1176229BDDBE007345E3 /* Frameworks */ = {
			isa = PBXFrameworksBuildPhase;
			buildActionMask = 2147483647;
			files = (
			);
			runOnlyForDeploymentPostprocessing = 0;
		};
/* End PBXFrameworksBuildPhase section */

/* Begin PBXGroup section */
		376A1170229BDDBE007345E3 = {
			isa = PBXGroup;
			children = (
				376A117B229BDDBE007345E3 /* GC3DTouch */,
				376A117A229BDDBE007345E3 /* Products */,
			);
			sourceTree = "<group>";
		};
		376A117A229BDDBE007345E3 /* Products */ = {
			isa = PBXGroup;
			children = (
				376A1179229BDDBE007345E3 /* GC3DTouch.app */,
			);
			name = Products;
			sourceTree = "<group>";
		};
		376A117B229BDDBE007345E3 /* GC3DTouch */ = {
			isa = PBXGroup;
			children = (
				376A117C229BDDBE007345E3 /* AppDelegate.h */,
				376A117D229BDDBE007345E3 /* AppDelegate.m */,
				376A117F229BDDBE007345E3 /* ViewController.h */,
				376A1180229BDDBE007345E3 /* ViewController.m */,
				376A1182229BDDBE007345E3 /* Main.storyboard */,
				376A1185229BDDBF007345E3 /* Assets.xcassets */,
				376A1187229BDDBF007345E3 /* LaunchScreen.storyboard */,
				376A118A229BDDBF007345E3 /* Info.plist */,
				376A118B229BDDBF007345E3 /* main.m */,
			);
			path = GC3DTouch;
			sourceTree = "<group>";
		};
/* End PBXGroup section */

/* Begin PBXNativeTarget section */
		376A1178229BDDBE007345E3 /* GC3DTouch */ = {
			isa = PBXNativeTarget;
			buildConfigurationList = 376A118F229BDDBF007345E3 /* Build configuration list for PBXNativeTarget "GC3DTouch" */;
			buildPhases = (
				376A1175229BDDBE007345E3 /* Sources */,
				376A1176229BDDBE007345E3 /* Frameworks */,
				376A1177229BDDBE007345E3 /* Resources */,
			);
			buildRules = (
			);
			dependencies = (
			);
			name = GC3DTouch;
			productName = GC3DTouch;
			productReference = 376A1179229BDDBE007345E3 /* GC3DTouch.app */;
			productType = "com.apple.product-type.application";
		};
/* End PBXNativeTarget section */

/* Begin PBXProject section */
		376A1171229BDDBE007345E3 /* Project object */ = {
			isa = PBXProject;
			attributes = {
				LastUpgradeCheck = 1010;
				ORGANIZATIONNAME = GarveyCalvin;
				TargetAttributes = {
					376A1178229BDDBE007345E3 = {
						CreatedOnToolsVersion = 10.1;
					};
				};
			};
			buildConfigurationList = 376A1174229BDDBE007345E3 /* Build configuration list for PBXProject "GC3DTouch" */;
			compatibilityVersion = "Xcode 9.3";
			developmentRegion = en;
			hasScannedForEncodings = 0;
			knownRegions = (
				en,
				Base,
			);
			mainGroup = 376A1170229BDDBE007345E3;
			productRefGroup = 376A117A229BDDBE007345E3 /* Products */;
			projectDirPath = "";
			projectRoot = "";
			targets = (
				376A1178229BDDBE007345E3 /* GC3DTouch */,
			);
		};
/* End PBXProject section */

/* Begin PBXResourcesBuildPhase section */
		376A1177229BDDBE007345E3 /* Resources */ = {
			isa = PBXResourcesBuildPhase;
			buildActionMask = 2147483647;
			files = (
				376A1189229BDDBF007345E3 /* LaunchScreen.storyboard in Resources */,
				376A1186229BDDBF007345E3 /* Assets.xcassets in Resources */,
				376A1184229BDDBE007345E3 /* Main.storyboard in Resources */,
			);
			runOnlyForDeploymentPostprocessing = 0;
		};
/* End PBXResourcesBuildPhase section */

/* Begin PBXSourcesBuildPhase section */
		376A1175229BDDBE007345E3 /* Sources */ = {
			isa = PBXSourcesBuildPhase;
			buildActionMask = 2147483647;
			files = (
				376A1181229BDDBE007345E3 /* ViewController.m in Sources */,
				376A118C229BDDBF007345E3 /* main.m in Sources */,
				376A117E229BDDBE007345E3 /* AppDelegate.m in Sources */,
			);
			runOnlyForDeploymentPostprocessing = 0;
		};
/* End PBXSourcesBuildPhase section */

/* Begin PBXVariantGroup section */
		376A1182229BDDBE007345E3 /* Main.storyboard */ = {
			isa = PBXVariantGroup;
			children = (
				376A1183229BDDBE007345E3 /* Base */,
			);
			name = Main.storyboard;
			sourceTree = "<group>";
		};
		376A1187229BDDBF007345E3 /* LaunchScreen.storyboard */ = {
			isa = PBXVariantGroup;
			children = (
				376A1188229BDDBF007345E3 /* Base */,
			);
			name = LaunchScreen.storyboard;
			sourceTree = "<group>";
		};
/* End PBXVariantGroup section */

/* Begin XCBuildConfiguration section */
		376A118D229BDDBF007345E3 /* Debug */ = {
			isa = XCBuildConfiguration;
			buildSettings = {
				ALWAYS_SEARCH_USER_PATHS = NO;
				CLANG_ANALYZER_NONNULL = YES;
				CLANG_ANALYZER_NUMBER_OBJECT_CONVERSION = YES_AGGRESSIVE;
				CLANG_CXX_LANGUAGE_STANDARD = "gnu++14";
				CLANG_CXX_LIBRARY = "libc++";
				CLANG_ENABLE_MODULES = YES;
				CLANG_ENABLE_OBJC_ARC = YES;
				CLANG_ENABLE_OBJC_WEAK = YES;
				CLANG_WARN_BLOCK_CAPTURE_AUTORELEASING = YES;
				CLANG_WARN_BOOL_CONVERSION = YES;
				CLANG_WARN_COMMA = YES;
				CLANG_WARN_CONSTANT_CONVERSION = YES;
				CLANG_WARN_DEPRECATED_OBJC_IMPLEMENTATIONS = YES;
				CLANG_WARN_DIRECT_OBJC_ISA_USAGE = YES_ERROR;
				CLANG_WARN_DOCUMENTATION_COMMENTS = YES;
				CLANG_WARN_EMPTY_BODY = YES;
				CLANG_WARN_ENUM_CONVERSION = YES;
				CLANG_WARN_INFINITE_RECURSION = YES;
				CLANG_WARN_INT_CONVERSION = YES;
				CLANG_WARN_NON_LITERAL_NULL_CONVERSION = YES;
				CLANG_WARN_OBJC_IMPLICIT_RETAIN_SELF = YES;
				CLANG_WARN_OBJC_LITERAL_CONVERSION = YES;
				CLANG_WARN_OBJC_ROOT_CLASS = YES_ERROR;
				CLANG_WARN_RANGE_LOOP_ANALYSIS = YES;
				CLANG_WARN_STRICT_PROTOTYPES = YES;
				CLANG_WARN_SUSPICIOUS_MOVE = YES;
				CLANG_WARN_UNGUARDED_AVAILABILITY = YES_AGGRESSIVE;
				CLANG_WARN_UNREACHABLE_CODE = YES;
				CLANG_WARN__DUPLICATE_METHOD_MATCH = YES;
				CODE_SIGN_IDENTITY = "iPhone Developer";
				COPY_PHASE_STRIP = NO;
				DEBUG_INFORMATION_FORMAT = dwarf;
				ENABLE_STRICT_OBJC_MSGSEND = YES;
				ENABLE_TESTABILITY = YES;
				GCC_C_LANGUAGE_STANDARD = gnu11;
				GCC_DYNAMIC_NO_PIC = NO;
				GCC_NO_COMMON_BLOCKS = YES;
				GCC_OPTIMIZATION_LEVEL = 0;
				GCC_PREPROCESSOR_DEFINITIONS = (
					"DEBUG=1",
					"$(inherited)",
				);
				GCC_WARN_64_TO_32_BIT_CONVERSION = YES;
				GCC_WARN_ABOUT_RETURN_TYPE = YES_ERROR;
				GCC_WARN_UNDECLARED_SELECTOR = YES;
				GCC_WARN_UNINITIALIZED_AUTOS = YES_AGGRESSIVE;
				GCC_WARN_UNUSED_FUNCTION = YES;
				GCC_WARN_UNUSED_VARIABLE = YES;
				IPHONEOS_DEPLOYMENT_TARGET = 12.1;
				MTL_ENABLE_DEBUG_INFO = INCLUDE_SOURCE;
				MTL_FAST_MATH = YES;
				ONLY_ACTIVE_ARCH = YES;
				SDKROOT = iphoneos;
			};
			name = Debug;
		};
		376A118E229BDDBF007345E3 /* Release */ = {
			isa = XCBuildConfiguration;
			buildSettings = {
				ALWAYS_SEARCH_USER_PATHS = NO;
				CLANG_ANALYZER_NONNULL = YES;
				CLANG_ANALYZER_NUMBER_OBJECT_CONVERSION = YES_AGGRESSIVE;
				CLANG_CXX_LANGUAGE_STANDARD = "gnu++14";
				CLANG_CXX_LIBRARY = "libc++";
				CLANG_ENABLE_MODULES = YES;
				CLANG_ENABLE_OBJC_ARC = YES;
				CLANG_ENABLE_OBJC_WEAK = YES;
				CLANG_WARN_BLOCK_CAPTURE_AUTORELEASING = YES;
				CLANG_WARN_BOOL_CONVERSION = YES;
				CLANG_WARN_COMMA = YES;
				CLANG_WARN_CONSTANT_CONVERSION = YES;
				CLANG_WARN_DEPRECATED_OBJC_IMPLEMENTATIONS = YES;
				CLANG_WARN_DIRECT_OBJC_ISA_USAGE = YES_ERROR;
				CLANG_WARN_DOCUMENTATION_COMMENTS = YES;
				CLANG_WARN_EMPTY_BODY = YES;
				CLANG_WARN_ENUM_CONVERSION = YES;
				CLANG_WARN_INFINITE_RECURSION = YES;
				CLANG_WARN_INT_CONVERSION = YES;
				CLANG_WARN_NON_LITERAL_NULL_CONVERSION = YES;
				CLANG_WARN_OBJC_IMPLICIT_RETAIN_SELF = YES;
				CLANG_WARN_OBJC_LITERAL_CONVERSION = YES;
				CLANG_WARN_OBJC_ROOT_CLASS = YES_ERROR;
				CLANG_WARN_RANGE_LOOP_ANALYSIS = YES;
				CLANG_WARN_STRICT_PROTOTYPES = YES;
				CLANG_WARN_SUSPICIOUS_MOVE = YES;
				CLANG_WARN_UNGUARDED_AVAILABILITY = YES_AGGRESSIVE;
				CLANG_WARN_UNREACHABLE_CODE = YES;
				CLANG_WARN__DUPLICATE_METHOD_MATCH = YES;
				CODE_SIGN_IDENTITY = "iPhone Developer";
				COPY_PHASE_STRIP = NO;
				DEBUG_INFORMATION_FORMAT = "dwarf-with-dsym";
				ENABLE_NS_ASSERTIONS = NO;
				ENABLE_STRICT_OBJC_MSGSEND = YES;
				GCC_C_LANGUAGE_STANDARD = gnu11;
				GCC_NO_COMMON_BLOCKS = YES;
				GCC_WARN_64_TO_32_BIT_CONVERSION = YES;
				GCC_WARN_ABOUT_RETURN_TYPE = YES_ERROR;
				GCC_WARN_UNDECLARED_SELECTOR = YES;
				GCC_WARN_UNINITIALIZED_AUTOS = YES_AGGRESSIVE;
				GCC_WARN_UNUSED_FUNCTION = YES;
				GCC_WARN_UNUSED_VARIABLE = YES;
				IPHONEOS_DEPLOYMENT_TARGET = 12.1;
				MTL_ENABLE_DEBUG_INFO = NO;
				MTL_FAST_MATH = YES;
				SDKROOT = iphoneos;
				VALIDATE_PRODUCT = YES;
			};
			name = Release;
		};
		376A1190229BDDBF007345E3 /* Debug */ = {
			isa = XCBuildConfiguration;
			buildSettings = {
				ASSETCATALOG_COMPILER_APPICON_NAME = AppIcon;
				CODE_SIGN_STYLE = Automatic;
				DEVELOPMENT_TEAM = C2Z6QB8NP5;
				INFOPLIST_FILE = GC3DTouch/Info.plist;
				IPHONEOS_DEPLOYMENT_TARGET = 8.0;
				LD_RUNPATH_SEARCH_PATHS = (
					"$(inherited)",
					"@executable_path/Frameworks",
				);
				PRODUCT_BUNDLE_IDENTIFIER = com.GarveyCalvin..GC3DTouch;
				PRODUCT_NAME = "$(TARGET_NAME)";
				TARGETED_DEVICE_FAMILY = "1,2";
			};
			name = Debug;
		};
		376A1191229BDDBF007345E3 /* Release */ = {
			isa = XCBuildConfiguration;
			buildSettings = {
				ASSETCATALOG_COMPILER_APPICON_NAME = AppIcon;
				CODE_SIGN_STYLE = Automatic;
				DEVELOPMENT_TEAM = C2Z6QB8NP5;
				INFOPLIST_FILE = GC3DTouch/Info.plist;
				IPHONEOS_DEPLOYMENT_TARGET = 8.0;
				LD_RUNPATH_SEARCH_PATHS = (
					"$(inherited)",
					"@executable_path/Frameworks",
				);
				PRODUCT_BUNDLE_IDENTIFIER = com.GarveyCalvin..GC3DTouch;
				PRODUCT_NAME = "$(TARGET_NAME)";
				TARGETED_DEVICE_FAMILY = "1,2";
			};
			name = Release;
		};
/* End XCBuildConfiguration section */

/* Begin XCConfigurationList section */
		376A1174229BDDBE007345E3 /* Build configuration list for PBXProject "GC3DTouch" */ = {
			isa = XCConfigurationList;
			buildConfigurations = (
				376A118D229BDDBF007345E3 /* Debug */,
				376A118E229BDDBF007345E3 /* Release */,
			);
			defaultConfigurationIsVisible = 0;
			defaultConfigurationName = Release;
		};
		376A118F229BDDBF007345E3 /* Build configuration list for PBXNativeTarget "GC3DTouch" */ = {
			isa = XCConfigurationList;
			buildConfigurations = (
				376A1190229BDDBF007345E3 /* Debug */,
				376A1191229BDDBF007345E3 /* Release */,
			);
			defaultConfigurationIsVisible = 0;
			defaultConfigurationName = Release;
		};
/* End XCConfigurationList section */
	};
	rootObject = 376A1171229BDDBE007345E3 /* Project object */;
}
